// !$*UTF8*$!
{
	archiveVersion = 1;
	classes = {
	};
	objectVersion = 48;
	objects = {

/* Begin PBXBuildFile section */
		9155AA9521023842009A9A24 /* AppDelegate.swift in Sources */ = {isa = PBXBuildFile; fileRef = 9155AA9421023842009A9A24 /* AppDelegate.swift */; };
		9155AA9721023842009A9A24 /* ViewController.swift in Sources */ = {isa = PBXBuildFile; fileRef = 9155AA9621023842009A9A24 /* ViewController.swift */; };
		9155AA9A21023842009A9A24 /* Main.storyboard in Resources */ = {isa = PBXBuildFile; fileRef = 9155AA9821023842009A9A24 /* Main.storyboard */; };
		9155AA9C21023842009A9A24 /* Assets.xcassets in Resources */ = {isa = PBXBuildFile; fileRef = 9155AA9B21023842009A9A24 /* Assets.xcassets */; };
		9155AA9F21023842009A9A24 /* LaunchScreen.storyboard in Resources */ = {isa = PBXBuildFile; fileRef = 9155AA9D21023842009A9A24 /* LaunchScreen.storyboard */; };
		9155AAA72102384D009A9A24 /* Boxes.swift in Sources */ = {isa = PBXBuildFile; fileRef = 9155AAA62102384D009A9A24 /* Boxes.swift */; };
		91813B5F210CF8F7001DE67E /* Functions.swift in Sources */ = {isa = PBXBuildFile; fileRef = 91813B5E210CF8F7001DE67E /* Functions.swift */; };
		91813B61210CFF4D001DE67E /* Generics.swift in Sources */ = {isa = PBXBuildFile; fileRef = 91813B60210CFF4D001DE67E /* Generics.swift */; };
		91813B63210D1A40001DE67E /* VIP.swift in Sources */ = {isa = PBXBuildFile; fileRef = 91813B62210D1A40001DE67E /* VIP.swift */; };
/* End PBXBuildFile section */

/* Begin PBXFileReference section */
		9155AA9121023842009A9A24 /* Boxes.app */ = {isa = PBXFileReference; explicitFileType = wrapper.application; includeInIndex = 0; path = Boxes.app; sourceTree = BUILT_PRODUCTS_DIR; };
		9155AA9421023842009A9A24 /* AppDelegate.swift */ = {isa = PBXFileReference; lastKnownFileType = sourcecode.swift; path = AppDelegate.swift; sourceTree = "<group>"; };
		9155AA9621023842009A9A24 /* ViewController.swift */ = {isa = PBXFileReference; lastKnownFileType = sourcecode.swift; path = ViewController.swift; sourceTree = "<group>"; };
		9155AA9921023842009A9A24 /* Base */ = {isa = PBXFileReference; lastKnownFileType = file.storyboard; name = Base; path = Base.lproj/Main.storyboard; sourceTree = "<group>"; };
		9155AA9B21023842009A9A24 /* Assets.xcassets */ = {isa = PBXFileReference; lastKnownFileType = folder.assetcatalog; path = Assets.xcassets; sourceTree = "<group>"; };
		9155AA9E21023842009A9A24 /* Base */ = {isa = PBXFileReference; lastKnownFileType = file.storyboard; name = Base; path = Base.lproj/LaunchScreen.storyboard; sourceTree = "<group>"; };
		9155AAA021023842009A9A24 /* Info.plist */ = {isa = PBXFileReference; lastKnownFileType = text.plist.xml; path = Info.plist; sourceTree = "<group>"; };
		9155AAA62102384D009A9A24 /* Boxes.swift */ = {isa = PBXFileReference; lastKnownFileType = sourcecode.swift; path = Boxes.swift; sourceTree = "<group>"; };
		91813B5E210CF8F7001DE67E /* Functions.swift */ = {isa = PBXFileReference; lastKnownFileType = sourcecode.swift; path = Functions.swift; sourceTree = "<group>"; };
		91813B60210CFF4D001DE67E /* Generics.swift */ = {isa = PBXFileReference; lastKnownFileType = sourcecode.swift; path = Generics.swift; sourceTree = "<group>"; };
		91813B62210D1A40001DE67E /* VIP.swift */ = {isa = PBXFileReference; lastKnownFileType = sourcecode.swift; path = VIP.swift; sourceTree = "<group>"; };
/* End PBXFileReference section */

/* Begin PBXFrameworksBuildPhase section */
		9155AA8E21023842009A9A24 /* Frameworks */ = {
			isa = PBXFrameworksBuildPhase;
			buildActionMask = 2147483647;
			files = (
			);
			runOnlyForDeploymentPostprocessing = 0;
		};
/* End PBXFrameworksBuildPhase section */

/* Begin PBXGroup section */
		9155AA8821023842009A9A24 = {
			isa = PBXGroup;
			children = (
				9155AA9321023842009A9A24 /* Boxes */,
				9155AA9221023842009A9A24 /* Products */,
			);
			sourceTree = "<group>";
		};
		9155AA9221023842009A9A24 /* Products */ = {
			isa = PBXGroup;
			children = (
				9155AA9121023842009A9A24 /* Boxes.app */,
			);
			name = Products;
			sourceTree = "<group>";
		};
		9155AA9321023842009A9A24 /* Boxes */ = {
			isa = PBXGroup;
			children = (
				9155AA9421023842009A9A24 /* AppDelegate.swift */,
				9155AA9621023842009A9A24 /* ViewController.swift */,
				91813B5E210CF8F7001DE67E /* Functions.swift */,
				91813B60210CFF4D001DE67E /* Generics.swift */,
				91813B62210D1A40001DE67E /* VIP.swift */,
				9155AA9821023842009A9A24 /* Main.storyboard */,
				9155AA9B21023842009A9A24 /* Assets.xcassets */,
				9155AA9D21023842009A9A24 /* LaunchScreen.storyboard */,
				9155AAA021023842009A9A24 /* Info.plist */,
				9155AAA62102384D009A9A24 /* Boxes.swift */,
			);
			path = Boxes;
			sourceTree = "<group>";
		};
/* End PBXGroup section */

/* Begin PBXNativeTarget section */
		9155AA9021023842009A9A24 /* Boxes */ = {
			isa = PBXNativeTarget;
			buildConfigurationList = 9155AAA321023842009A9A24 /* Build configuration list for PBXNativeTarget "Boxes" */;
			buildPhases = (
				9155AA8D21023842009A9A24 /* Sources */,
				9155AA8E21023842009A9A24 /* Frameworks */,
				9155AA8F21023842009A9A24 /* Resources */,
			);
			buildRules = (
			);
			dependencies = (
			);
			name = Boxes;
			productName = Boxes;
			productReference = 9155AA9121023842009A9A24 /* Boxes.app */;
			productType = "com.apple.product-type.application";
		};
/* End PBXNativeTarget section */

/* Begin PBXProject section */
		9155AA8921023842009A9A24 /* Project object */ = {
			isa = PBXProject;
			attributes = {
				LastSwiftUpdateCheck = 0920;
				LastUpgradeCheck = 0920;
				ORGANIZATIONNAME = "Oleksandr Ignatenko";
				TargetAttributes = {
					9155AA9021023842009A9A24 = {
						CreatedOnToolsVersion = 9.2;
						ProvisioningStyle = Automatic;
					};
				};
			};
			buildConfigurationList = 9155AA8C21023842009A9A24 /* Build configuration list for PBXProject "Boxes" */;
			compatibilityVersion = "Xcode 8.0";
			developmentRegion = en;
			hasScannedForEncodings = 0;
			knownRegions = (
				en,
				Base,
			);
			mainGroup = 9155AA8821023842009A9A24;
			productRefGroup = 9155AA9221023842009A9A24 /* Products */;
			projectDirPath = "";
			projectRoot = "";
			targets = (
				9155AA9021023842009A9A24 /* Boxes */,
			);
		};
/* End PBXProject section */

/* Begin PBXResourcesBuildPhase section */
		9155AA8F21023842009A9A24 /* Resources */ = {
			isa = PBXResourcesBuildPhase;
			buildActionMask = 2147483647;
			files = (
				9155AA9F21023842009A9A24 /* LaunchScreen.storyboard in Resources */,
				9155AA9C21023842009A9A24 /* Assets.xcassets in Resources */,
				9155AA9A21023842009A9A24 /* Main.storyboard in Resources */,
			);
			runOnlyForDeploymentPostprocessing = 0;
		};
/* End PBXResourcesBuildPhase section */

/* Begin PBXSourcesBuildPhase section */
		9155AA8D21023842009A9A24 /* Sources */ = {
			isa = PBXSourcesBuildPhase;
			buildActionMask = 2147483647;
			files = (
				9155AA9721023842009A9A24 /* ViewController.swift in Sources */,
				9155AAA72102384D009A9A24 /* Boxes.swift in Sources */,
				91813B61210CFF4D001DE67E /* Generics.swift in Sources */,
				91813B63210D1A40001DE67E /* VIP.swift in Sources */,
				9155AA9521023842009A9A24 /* AppDelegate.swift in Sources */,
				91813B5F210CF8F7001DE67E /* Functions.swift in Sources */,
			);
			runOnlyForDeploymentPostprocessing = 0;
		};
/* End PBXSourcesBuildPhase section */

/* Begin PBXVariantGroup section */
		9155AA9821023842009A9A24 /* Main.storyboard */ = {
			isa = PBXVariantGroup;
			children = (
				9155AA9921023842009A9A24 /* Base */,
			);
			name = Main.storyboard;
			sourceTree = "<group>";
		};
		9155AA9D21023842009A9A24 /* LaunchScreen.storyboard */ = {
			isa = PBXVariantGroup;
			children = (
				9155AA9E21023842009A9A24 /* Base */,
			);
			name = LaunchScreen.storyboard;
			sourceTree = "<group>";
		};
/* End PBXVariantGroup section */

/* Begin XCBuildConfiguration section */
		9155AAA121023842009A9A24 /* Debug */ = {
			isa = XCBuildConfiguration;
			buildSettings = {
				ALWAYS_SEARCH_USER_PATHS = NO;
				CLANG_ANALYZER_NONNULL = YES;
				CLANG_ANALYZER_NUMBER_OBJECT_CONVERSION = YES_AGGRESSIVE;
				CLANG_CXX_LANGUAGE_STANDARD = "gnu++14";
				CLANG_CXX_LIBRARY = "libc++";
				CLANG_ENABLE_MODULES = YES;
				CLANG_ENABLE_OBJC_ARC = YES;
				CLANG_WARN_BLOCK_CAPTURE_AUTORELEASING = YES;
				CLANG_WARN_BOOL_CONVERSION = YES;
				CLANG_WARN_COMMA = YES;
				CLANG_WARN_CONSTANT_CONVERSION = YES;
				CLANG_WARN_DIRECT_OBJC_ISA_USAGE = YES_ERROR;
				CLANG_WARN_DOCUMENTATION_COMMENTS = YES;
				CLANG_WARN_EMPTY_BODY = YES;
				CLANG_WARN_ENUM_CONVERSION = YES;
				CLANG_WARN_INFINITE_RECURSION = YES;
				CLANG_WARN_INT_CONVERSION = YES;
				CLANG_WARN_NON_LITERAL_NULL_CONVERSION = YES;
				CLANG_WARN_OBJC_LITERAL_CONVERSION = YES;
				CLANG_WARN_OBJC_ROOT_CLASS = YES_ERROR;
				CLANG_WARN_RANGE_LOOP_ANALYSIS = YES;
				CLANG_WARN_STRICT_PROTOTYPES = YES;
				CLANG_WARN_SUSPICIOUS_MOVE = YES;
				CLANG_WARN_UNGUARDED_AVAILABILITY = YES_AGGRESSIVE;
				CLANG_WARN_UNREACHABLE_CODE = YES;
				CLANG_WARN__DUPLICATE_METHOD_MATCH = YES;
				CODE_SIGN_IDENTITY = "iPhone Developer";
				COPY_PHASE_STRIP = NO;
				DEBUG_INFORMATION_FORMAT = dwarf;
				ENABLE_STRICT_OBJC_MSGSEND = YES;
				ENABLE_TESTABILITY = YES;
				GCC_C_LANGUAGE_STANDARD = gnu11;
				GCC_DYNAMIC_NO_PIC = NO;
				GCC_NO_COMMON_BLOCKS = YES;
				GCC_OPTIMIZATION_LEVEL = 0;
				GCC_PREPROCESSOR_DEFINITIONS = (
					"DEBUG=1",
					"$(inherited)",
				);
				GCC_WARN_64_TO_32_BIT_CONVERSION = YES;
				GCC_WARN_ABOUT_RETURN_TYPE = YES_ERROR;
				GCC_WARN_UNDECLARED_SELECTOR = YES;
				GCC_WARN_UNINITIALIZED_AUTOS = YES_AGGRESSIVE;
				GCC_WARN_UNUSED_FUNCTION = YES;
				GCC_WARN_UNUSED_VARIABLE = YES;
				IPHONEOS_DEPLOYMENT_TARGET = 11.2;
				MTL_ENABLE_DEBUG_INFO = YES;
				ONLY_ACTIVE_ARCH = YES;
				SDKROOT = iphoneos;
				SWIFT_ACTIVE_COMPILATION_CONDITIONS = DEBUG;
				SWIFT_OPTIMIZATION_LEVEL = "-Onone";
			};
			name = Debug;
		};
		9155AAA221023842009A9A24 /* Release */ = {
			isa = XCBuildConfiguration;
			buildSettings = {
				ALWAYS_SEARCH_USER_PATHS = NO;
				CLANG_ANALYZER_NONNULL = YES;
				CLANG_ANALYZER_NUMBER_OBJECT_CONVERSION = YES_AGGRESSIVE;
				CLANG_CXX_LANGUAGE_STANDARD = "gnu++14";
				CLANG_CXX_LIBRARY = "libc++";
				CLANG_ENABLE_MODULES = YES;
				CLANG_ENABLE_OBJC_ARC = YES;
				CLANG_WARN_BLOCK_CAPTURE_AUTORELEASING = YES;
				CLANG_WARN_BOOL_CONVERSION = YES;
				CLANG_WARN_COMMA = YES;
				CLANG_WARN_CONSTANT_CONVERSION = YES;
				CLANG_WARN_DIRECT_OBJC_ISA_USAGE = YES_ERROR;
				CLANG_WARN_DOCUMENTATION_COMMENTS = YES;
				CLANG_WARN_EMPTY_BODY = YES;
				CLANG_WARN_ENUM_CONVERSION = YES;
				CLANG_WARN_INFINITE_RECURSION = YES;
				CLANG_WARN_INT_CONVERSION = YES;
				CLANG_WARN_NON_LITERAL_NULL_CONVERSION = YES;
				CLANG_WARN_OBJC_LITERAL_CONVERSION = YES;
				CLANG_WARN_OBJC_ROOT_CLASS = YES_ERROR;
				CLANG_WARN_RANGE_LOOP_ANALYSIS = YES;
				CLANG_WARN_STRICT_PROTOTYPES = YES;
				CLANG_WARN_SUSPICIOUS_MOVE = YES;
				CLANG_WARN_UNGUARDED_AVAILABILITY = YES_AGGRESSIVE;
				CLANG_WARN_UNREACHABLE_CODE = YES;
				CLANG_WARN__DUPLICATE_METHOD_MATCH = YES;
				CODE_SIGN_IDENTITY = "iPhone Developer";
				COPY_PHASE_STRIP = NO;
				DEBUG_INFORMATION_FORMAT = "dwarf-with-dsym";
				ENABLE_NS_ASSERTIONS = NO;
				ENABLE_STRICT_OBJC_MSGSEND = YES;
				GCC_C_LANGUAGE_STANDARD = gnu11;
				GCC_NO_COMMON_BLOCKS = YES;
				GCC_WARN_64_TO_32_BIT_CONVERSION = YES;
				GCC_WARN_ABOUT_RETURN_TYPE = YES_ERROR;
				GCC_WARN_UNDECLARED_SELECTOR = YES;
				GCC_WARN_UNINITIALIZED_AUTOS = YES_AGGRESSIVE;
				GCC_WARN_UNUSED_FUNCTION = YES;
				GCC_WARN_UNUSED_VARIABLE = YES;
				IPHONEOS_DEPLOYMENT_TARGET = 11.2;
				MTL_ENABLE_DEBUG_INFO = NO;
				SDKROOT = iphoneos;
				SWIFT_OPTIMIZATION_LEVEL = "-Owholemodule";
				VALIDATE_PRODUCT = YES;
			};
			name = Release;
		};
		9155AAA421023842009A9A24 /* Debug */ = {
			isa = XCBuildConfiguration;
			buildSettings = {
				ASSETCATALOG_COMPILER_APPICON_NAME = AppIcon;
				CODE_SIGN_STYLE = Automatic;
				DEVELOPMENT_TEAM = 54L9R65MK8;
				INFOPLIST_FILE = Boxes/Info.plist;
				LD_RUNPATH_SEARCH_PATHS = "$(inherited) @executable_path/Frameworks";
				PRODUCT_BUNDLE_IDENTIFIER = com.example.Boxes;
				PRODUCT_NAME = "$(TARGET_NAME)";
				SWIFT_VERSION = 4.0;
				TARGETED_DEVICE_FAMILY = "1,2";
			};
			name = Debug;
		};
		9155AAA521023842009A9A24 /* Release */ = {
			isa = XCBuildConfiguration;
			buildSettings = {
				ASSETCATALOG_COMPILER_APPICON_NAME = AppIcon;
				CODE_SIGN_STYLE = Automatic;
				DEVELOPMENT_TEAM = 54L9R65MK8;
				INFOPLIST_FILE = Boxes/Info.plist;
				LD_RUNPATH_SEARCH_PATHS = "$(inherited) @executable_path/Frameworks";
				PRODUCT_BUNDLE_IDENTIFIER = com.example.Boxes;
				PRODUCT_NAME = "$(TARGET_NAME)";
				SWIFT_VERSION = 4.0;
				TARGETED_DEVICE_FAMILY = "1,2";
			};
			name = Release;
		};
/* End XCBuildConfiguration section */

/* Begin XCConfigurationList section */
		9155AA8C21023842009A9A24 /* Build configuration list for PBXProject "Boxes" */ = {
			isa = XCConfigurationList;
			buildConfigurations = (
				9155AAA121023842009A9A24 /* Debug */,
				9155AAA221023842009A9A24 /* Release */,
			);
			defaultConfigurationIsVisible = 0;
			defaultConfigurationName = Release;
		};
		9155AAA321023842009A9A24 /* Build configuration list for PBXNativeTarget "Boxes" */ = {
			isa = XCConfigurationList;
			buildConfigurations = (
				9155AAA421023842009A9A24 /* Debug */,
				9155AAA521023842009A9A24 /* Release */,
			);
			defaultConfigurationIsVisible = 0;
			defaultConfigurationName = Release;
		};
/* End XCConfigurationList section */
	};
	rootObject = 9155AA8921023842009A9A24 /* Project object */;
}
