// !$*UTF8*$!
{
	archiveVersion = 1;
	classes = {
	};
	objectVersion = 48;
	objects = {

/* Begin PBXBuildFile section */
		9104C8E220384F7D007C133F /* AppDelegate.swift in Sources */ = {isa = PBXBuildFile; fileRef = 9104C8E120384F7D007C133F /* AppDelegate.swift */; };
		9104C8E420384F7D007C133F /* ViewController.swift in Sources */ = {isa = PBXBuildFile; fileRef = 9104C8E320384F7D007C133F /* ViewController.swift */; };
		9104C8E720384F7D007C133F /* Main.storyboard in Resources */ = {isa = PBXBuildFile; fileRef = 9104C8E520384F7D007C133F /* Main.storyboard */; };
		9104C8E920384F7D007C133F /* Assets.xcassets in Resources */ = {isa = PBXBuildFile; fileRef = 9104C8E820384F7D007C133F /* Assets.xcassets */; };
		9104C8EC20384F7D007C133F /* LaunchScreen.storyboard in Resources */ = {isa = PBXBuildFile; fileRef = 9104C8EA20384F7D007C133F /* LaunchScreen.storyboard */; };
		9104C8F420384F91007C133F /* Sample.swift in Sources */ = {isa = PBXBuildFile; fileRef = 9104C8F320384F91007C133F /* Sample.swift */; };
/* End PBXBuildFile section */

/* Begin PBXFileReference section */
		9104C8DE20384F7D007C133F /* Thunder.app */ = {isa = PBXFileReference; explicitFileType = wrapper.application; includeInIndex = 0; path = Thunder.app; sourceTree = BUILT_PRODUCTS_DIR; };
		9104C8E120384F7D007C133F /* AppDelegate.swift */ = {isa = PBXFileReference; lastKnownFileType = sourcecode.swift; path = AppDelegate.swift; sourceTree = "<group>"; };
		9104C8E320384F7D007C133F /* ViewController.swift */ = {isa = PBXFileReference; lastKnownFileType = sourcecode.swift; path = ViewController.swift; sourceTree = "<group>"; };
		9104C8E620384F7D007C133F /* Base */ = {isa = PBXFileReference; lastKnownFileType = file.storyboard; name = Base; path = Base.lproj/Main.storyboard; sourceTree = "<group>"; };
		9104C8E820384F7D007C133F /* Assets.xcassets */ = {isa = PBXFileReference; lastKnownFileType = folder.assetcatalog; path = Assets.xcassets; sourceTree = "<group>"; };
		9104C8EB20384F7D007C133F /* Base */ = {isa = PBXFileReference; lastKnownFileType = file.storyboard; name = Base; path = Base.lproj/LaunchScreen.storyboard; sourceTree = "<group>"; };
		9104C8ED20384F7D007C133F /* Info.plist */ = {isa = PBXFileReference; lastKnownFileType = text.plist.xml; path = Info.plist; sourceTree = "<group>"; };
		9104C8F320384F91007C133F /* Sample.swift */ = {isa = PBXFileReference; lastKnownFileType = sourcecode.swift; path = Sample.swift; sourceTree = "<group>"; };
/* End PBXFileReference section */

/* Begin PBXFrameworksBuildPhase section */
		9104C8DB20384F7D007C133F /* Frameworks */ = {
			isa = PBXFrameworksBuildPhase;
			buildActionMask = 2147483647;
			files = (
			);
			runOnlyForDeploymentPostprocessing = 0;
		};
/* End PBXFrameworksBuildPhase section */

/* Begin PBXGroup section */
		9104C8D520384F7D007C133F = {
			isa = PBXGroup;
			children = (
				9104C8E020384F7D007C133F /* Thunder */,
				9104C8DF20384F7D007C133F /* Products */,
			);
			sourceTree = "<group>";
		};
		9104C8DF20384F7D007C133F /* Products */ = {
			isa = PBXGroup;
			children = (
				9104C8DE20384F7D007C133F /* Thunder.app */,
			);
			name = Products;
			sourceTree = "<group>";
		};
		9104C8E020384F7D007C133F /* Thunder */ = {
			isa = PBXGroup;
			children = (
				9104C8E120384F7D007C133F /* AppDelegate.swift */,
				9104C8E320384F7D007C133F /* ViewController.swift */,
				9104C8E520384F7D007C133F /* Main.storyboard */,
				9104C8E820384F7D007C133F /* Assets.xcassets */,
				9104C8EA20384F7D007C133F /* LaunchScreen.storyboard */,
				9104C8ED20384F7D007C133F /* Info.plist */,
				9104C8F320384F91007C133F /* Sample.swift */,
			);
			path = Thunder;
			sourceTree = "<group>";
		};
/* End PBXGroup section */

/* Begin PBXNativeTarget section */
		9104C8DD20384F7D007C133F /* Thunder */ = {
			isa = PBXNativeTarget;
			buildConfigurationList = 9104C8F020384F7D007C133F /* Build configuration list for PBXNativeTarget "Thunder" */;
			buildPhases = (
				9104C8DA20384F7D007C133F /* Sources */,
				9104C8DB20384F7D007C133F /* Frameworks */,
				9104C8DC20384F7D007C133F /* Resources */,
			);
			buildRules = (
			);
			dependencies = (
			);
			name = Thunder;
			productName = Thunder;
			productReference = 9104C8DE20384F7D007C133F /* Thunder.app */;
			productType = "com.apple.product-type.application";
		};
/* End PBXNativeTarget section */

/* Begin PBXProject section */
		9104C8D620384F7D007C133F /* Project object */ = {
			isa = PBXProject;
			attributes = {
				LastSwiftUpdateCheck = 0910;
				LastUpgradeCheck = 0910;
				ORGANIZATIONNAME = "Oleksandr Ignatenko";
				TargetAttributes = {
					9104C8DD20384F7D007C133F = {
						CreatedOnToolsVersion = 9.1;
						ProvisioningStyle = Automatic;
					};
				};
			};
			buildConfigurationList = 9104C8D920384F7D007C133F /* Build configuration list for PBXProject "Thunder" */;
			compatibilityVersion = "Xcode 8.0";
			developmentRegion = en;
			hasScannedForEncodings = 0;
			knownRegions = (
				en,
				Base,
			);
			mainGroup = 9104C8D520384F7D007C133F;
			productRefGroup = 9104C8DF20384F7D007C133F /* Products */;
			projectDirPath = "";
			projectRoot = "";
			targets = (
				9104C8DD20384F7D007C133F /* Thunder */,
			);
		};
/* End PBXProject section */

/* Begin PBXResourcesBuildPhase section */
		9104C8DC20384F7D007C133F /* Resources */ = {
			isa = PBXResourcesBuildPhase;
			buildActionMask = 2147483647;
			files = (
				9104C8EC20384F7D007C133F /* LaunchScreen.storyboard in Resources */,
				9104C8E920384F7D007C133F /* Assets.xcassets in Resources */,
				9104C8E720384F7D007C133F /* Main.storyboard in Resources */,
			);
			runOnlyForDeploymentPostprocessing = 0;
		};
/* End PBXResourcesBuildPhase section */

/* Begin PBXSourcesBuildPhase section */
		9104C8DA20384F7D007C133F /* Sources */ = {
			isa = PBXSourcesBuildPhase;
			buildActionMask = 2147483647;
			files = (
				9104C8E420384F7D007C133F /* ViewController.swift in Sources */,
				9104C8F420384F91007C133F /* Sample.swift in Sources */,
				9104C8E220384F7D007C133F /* AppDelegate.swift in Sources */,
			);
			runOnlyForDeploymentPostprocessing = 0;
		};
/* End PBXSourcesBuildPhase section */

/* Begin PBXVariantGroup section */
		9104C8E520384F7D007C133F /* Main.storyboard */ = {
			isa = PBXVariantGroup;
			children = (
				9104C8E620384F7D007C133F /* Base */,
			);
			name = Main.storyboard;
			sourceTree = "<group>";
		};
		9104C8EA20384F7D007C133F /* LaunchScreen.storyboard */ = {
			isa = PBXVariantGroup;
			children = (
				9104C8EB20384F7D007C133F /* Base */,
			);
			name = LaunchScreen.storyboard;
			sourceTree = "<group>";
		};
/* End PBXVariantGroup section */

/* Begin XCBuildConfiguration section */
		9104C8EE20384F7D007C133F /* Debug */ = {
			isa = XCBuildConfiguration;
			buildSettings = {
				ALWAYS_SEARCH_USER_PATHS = NO;
				CLANG_ANALYZER_NONNULL = YES;
				CLANG_ANALYZER_NUMBER_OBJECT_CONVERSION = YES_AGGRESSIVE;
				CLANG_CXX_LANGUAGE_STANDARD = "gnu++14";
				CLANG_CXX_LIBRARY = "libc++";
				CLANG_ENABLE_MODULES = YES;
				CLANG_ENABLE_OBJC_ARC = YES;
				CLANG_WARN_BLOCK_CAPTURE_AUTORELEASING = YES;
				CLANG_WARN_BOOL_CONVERSION = YES;
				CLANG_WARN_COMMA = YES;
				CLANG_WARN_CONSTANT_CONVERSION = YES;
				CLANG_WARN_DIRECT_OBJC_ISA_USAGE = YES_ERROR;
				CLANG_WARN_DOCUMENTATION_COMMENTS = YES;
				CLANG_WARN_EMPTY_BODY = YES;
				CLANG_WARN_ENUM_CONVERSION = YES;
				CLANG_WARN_INFINITE_RECURSION = YES;
				CLANG_WARN_INT_CONVERSION = YES;
				CLANG_WARN_NON_LITERAL_NULL_CONVERSION = YES;
				CLANG_WARN_OBJC_LITERAL_CONVERSION = YES;
				CLANG_WARN_OBJC_ROOT_CLASS = YES_ERROR;
				CLANG_WARN_RANGE_LOOP_ANALYSIS = YES;
				CLANG_WARN_STRICT_PROTOTYPES = YES;
				CLANG_WARN_SUSPICIOUS_MOVE = YES;
				CLANG_WARN_UNGUARDED_AVAILABILITY = YES_AGGRESSIVE;
				CLANG_WARN_UNREACHABLE_CODE = YES;
				CLANG_WARN__DUPLICATE_METHOD_MATCH = YES;
				CODE_SIGN_IDENTITY = "iPhone Developer";
				COPY_PHASE_STRIP = NO;
				DEBUG_INFORMATION_FORMAT = dwarf;
				ENABLE_STRICT_OBJC_MSGSEND = YES;
				ENABLE_TESTABILITY = YES;
				GCC_C_LANGUAGE_STANDARD = gnu11;
				GCC_DYNAMIC_NO_PIC = NO;
				GCC_NO_COMMON_BLOCKS = YES;
				GCC_OPTIMIZATION_LEVEL = 0;
				GCC_PREPROCESSOR_DEFINITIONS = (
					"DEBUG=1",
					"$(inherited)",
				);
				GCC_WARN_64_TO_32_BIT_CONVERSION = YES;
				GCC_WARN_ABOUT_RETURN_TYPE = YES_ERROR;
				GCC_WARN_UNDECLARED_SELECTOR = YES;
				GCC_WARN_UNINITIALIZED_AUTOS = YES_AGGRESSIVE;
				GCC_WARN_UNUSED_FUNCTION = YES;
				GCC_WARN_UNUSED_VARIABLE = YES;
				IPHONEOS_DEPLOYMENT_TARGET = 11.1;
				MTL_ENABLE_DEBUG_INFO = YES;
				ONLY_ACTIVE_ARCH = YES;
				SDKROOT = iphoneos;
				SWIFT_ACTIVE_COMPILATION_CONDITIONS = DEBUG;
				SWIFT_OPTIMIZATION_LEVEL = "-Onone";
			};
			name = Debug;
		};
		9104C8EF20384F7D007C133F /* Release */ = {
			isa = XCBuildConfiguration;
			buildSettings = {
				ALWAYS_SEARCH_USER_PATHS = NO;
				CLANG_ANALYZER_NONNULL = YES;
				CLANG_ANALYZER_NUMBER_OBJECT_CONVERSION = YES_AGGRESSIVE;
				CLANG_CXX_LANGUAGE_STANDARD = "gnu++14";
				CLANG_CXX_LIBRARY = "libc++";
				CLANG_ENABLE_MODULES = YES;
				CLANG_ENABLE_OBJC_ARC = YES;
				CLANG_WARN_BLOCK_CAPTURE_AUTORELEASING = YES;
				CLANG_WARN_BOOL_CONVERSION = YES;
				CLANG_WARN_COMMA = YES;
				CLANG_WARN_CONSTANT_CONVERSION = YES;
				CLANG_WARN_DIRECT_OBJC_ISA_USAGE = YES_ERROR;
				CLANG_WARN_DOCUMENTATION_COMMENTS = YES;
				CLANG_WARN_EMPTY_BODY = YES;
				CLANG_WARN_ENUM_CONVERSION = YES;
				CLANG_WARN_INFINITE_RECURSION = YES;
				CLANG_WARN_INT_CONVERSION = YES;
				CLANG_WARN_NON_LITERAL_NULL_CONVERSION = YES;
				CLANG_WARN_OBJC_LITERAL_CONVERSION = YES;
				CLANG_WARN_OBJC_ROOT_CLASS = YES_ERROR;
				CLANG_WARN_RANGE_LOOP_ANALYSIS = YES;
				CLANG_WARN_STRICT_PROTOTYPES = YES;
				CLANG_WARN_SUSPICIOUS_MOVE = YES;
				CLANG_WARN_UNGUARDED_AVAILABILITY = YES_AGGRESSIVE;
				CLANG_WARN_UNREACHABLE_CODE = YES;
				CLANG_WARN__DUPLICATE_METHOD_MATCH = YES;
				CODE_SIGN_IDENTITY = "iPhone Developer";
				COPY_PHASE_STRIP = NO;
				DEBUG_INFORMATION_FORMAT = "dwarf-with-dsym";
				ENABLE_NS_ASSERTIONS = NO;
				ENABLE_STRICT_OBJC_MSGSEND = YES;
				GCC_C_LANGUAGE_STANDARD = gnu11;
				GCC_NO_COMMON_BLOCKS = YES;
				GCC_WARN_64_TO_32_BIT_CONVERSION = YES;
				GCC_WARN_ABOUT_RETURN_TYPE = YES_ERROR;
				GCC_WARN_UNDECLARED_SELECTOR = YES;
				GCC_WARN_UNINITIALIZED_AUTOS = YES_AGGRESSIVE;
				GCC_WARN_UNUSED_FUNCTION = YES;
				GCC_WARN_UNUSED_VARIABLE = YES;
				IPHONEOS_DEPLOYMENT_TARGET = 11.1;
				MTL_ENABLE_DEBUG_INFO = NO;
				SDKROOT = iphoneos;
				SWIFT_OPTIMIZATION_LEVEL = "-Owholemodule";
				VALIDATE_PRODUCT = YES;
			};
			name = Release;
		};
		9104C8F120384F7D007C133F /* Debug */ = {
			isa = XCBuildConfiguration;
			buildSettings = {
				ASSETCATALOG_COMPILER_APPICON_NAME = AppIcon;
				CODE_SIGN_STYLE = Automatic;
				DEVELOPMENT_TEAM = 54L9R65MK8;
				INFOPLIST_FILE = Thunder/Info.plist;
				LD_RUNPATH_SEARCH_PATHS = "$(inherited) @executable_path/Frameworks";
				PRODUCT_BUNDLE_IDENTIFIER = com.example.Thunder;
				PRODUCT_NAME = "$(TARGET_NAME)";
				SWIFT_VERSION = 4.0;
				TARGETED_DEVICE_FAMILY = "1,2";
			};
			name = Debug;
		};
		9104C8F220384F7D007C133F /* Release */ = {
			isa = XCBuildConfiguration;
			buildSettings = {
				ASSETCATALOG_COMPILER_APPICON_NAME = AppIcon;
				CODE_SIGN_STYLE = Automatic;
				DEVELOPMENT_TEAM = 54L9R65MK8;
				INFOPLIST_FILE = Thunder/Info.plist;
				LD_RUNPATH_SEARCH_PATHS = "$(inherited) @executable_path/Frameworks";
				PRODUCT_BUNDLE_IDENTIFIER = com.example.Thunder;
				PRODUCT_NAME = "$(TARGET_NAME)";
				SWIFT_VERSION = 4.0;
				TARGETED_DEVICE_FAMILY = "1,2";
			};
			name = Release;
		};
/* End XCBuildConfiguration section */

/* Begin XCConfigurationList section */
		9104C8D920384F7D007C133F /* Build configuration list for PBXProject "Thunder" */ = {
			isa = XCConfigurationList;
			buildConfigurations = (
				9104C8EE20384F7D007C133F /* Debug */,
				9104C8EF20384F7D007C133F /* Release */,
			);
			defaultConfigurationIsVisible = 0;
			defaultConfigurationName = Release;
		};
		9104C8F020384F7D007C133F /* Build configuration list for PBXNativeTarget "Thunder" */ = {
			isa = XCConfigurationList;
			buildConfigurations = (
				9104C8F120384F7D007C133F /* Debug */,
				9104C8F220384F7D007C133F /* Release */,
			);
			defaultConfigurationIsVisible = 0;
			defaultConfigurationName = Release;
		};
/* End XCConfigurationList section */
	};
	rootObject = 9104C8D620384F7D007C133F /* Project object */;
}
