// !$*UTF8*$!
{
	archiveVersion = 1;
	classes = {
	};
	objectVersion = 50;
	objects = {

/* Begin PBXBuildFile section */
		9170C4E723377C8A009F7D92 /* AppDelegate.swift in Sources */ = {isa = PBXBuildFile; fileRef = 9170C4E623377C8A009F7D92 /* AppDelegate.swift */; };
		9170C4E923377C8A009F7D92 /* ViewController.swift in Sources */ = {isa = PBXBuildFile; fileRef = 9170C4E823377C8A009F7D92 /* ViewController.swift */; };
		9170C4EC23377C8A009F7D92 /* Main.storyboard in Resources */ = {isa = PBXBuildFile; fileRef = 9170C4EA23377C8A009F7D92 /* Main.storyboard */; };
		9170C4EE23377C8B009F7D92 /* Assets.xcassets in Resources */ = {isa = PBXBuildFile; fileRef = 9170C4ED23377C8B009F7D92 /* Assets.xcassets */; };
		9170C4F123377C8B009F7D92 /* LaunchScreen.storyboard in Resources */ = {isa = PBXBuildFile; fileRef = 9170C4EF23377C8B009F7D92 /* LaunchScreen.storyboard */; };
		9170C4F923377C98009F7D92 /* Misc.swift in Sources */ = {isa = PBXBuildFile; fileRef = 9170C4F823377C98009F7D92 /* Misc.swift */; };
/* End PBXBuildFile section */

/* Begin PBXFileReference section */
		9170C4E323377C8A009F7D92 /* RemoteDecode.app */ = {isa = PBXFileReference; explicitFileType = wrapper.application; includeInIndex = 0; path = RemoteDecode.app; sourceTree = BUILT_PRODUCTS_DIR; };
		9170C4E623377C8A009F7D92 /* AppDelegate.swift */ = {isa = PBXFileReference; lastKnownFileType = sourcecode.swift; path = AppDelegate.swift; sourceTree = "<group>"; };
		9170C4E823377C8A009F7D92 /* ViewController.swift */ = {isa = PBXFileReference; lastKnownFileType = sourcecode.swift; path = ViewController.swift; sourceTree = "<group>"; };
		9170C4EB23377C8A009F7D92 /* Base */ = {isa = PBXFileReference; lastKnownFileType = file.storyboard; name = Base; path = Base.lproj/Main.storyboard; sourceTree = "<group>"; };
		9170C4ED23377C8B009F7D92 /* Assets.xcassets */ = {isa = PBXFileReference; lastKnownFileType = folder.assetcatalog; path = Assets.xcassets; sourceTree = "<group>"; };
		9170C4F023377C8B009F7D92 /* Base */ = {isa = PBXFileReference; lastKnownFileType = file.storyboard; name = Base; path = Base.lproj/LaunchScreen.storyboard; sourceTree = "<group>"; };
		9170C4F223377C8B009F7D92 /* Info.plist */ = {isa = PBXFileReference; lastKnownFileType = text.plist.xml; path = Info.plist; sourceTree = "<group>"; };
		9170C4F823377C98009F7D92 /* Misc.swift */ = {isa = PBXFileReference; lastKnownFileType = sourcecode.swift; path = Misc.swift; sourceTree = "<group>"; };
/* End PBXFileReference section */

/* Begin PBXFrameworksBuildPhase section */
		9170C4E023377C8A009F7D92 /* Frameworks */ = {
			isa = PBXFrameworksBuildPhase;
			buildActionMask = 2147483647;
			files = (
			);
			runOnlyForDeploymentPostprocessing = 0;
		};
/* End PBXFrameworksBuildPhase section */

/* Begin PBXGroup section */
		9170C4DA23377C8A009F7D92 = {
			isa = PBXGroup;
			children = (
				9170C4E523377C8A009F7D92 /* RemoteDecode */,
				9170C4E423377C8A009F7D92 /* Products */,
			);
			sourceTree = "<group>";
		};
		9170C4E423377C8A009F7D92 /* Products */ = {
			isa = PBXGroup;
			children = (
				9170C4E323377C8A009F7D92 /* RemoteDecode.app */,
			);
			name = Products;
			sourceTree = "<group>";
		};
		9170C4E523377C8A009F7D92 /* RemoteDecode */ = {
			isa = PBXGroup;
			children = (
				9170C4E623377C8A009F7D92 /* AppDelegate.swift */,
				9170C4E823377C8A009F7D92 /* ViewController.swift */,
				9170C4EA23377C8A009F7D92 /* Main.storyboard */,
				9170C4ED23377C8B009F7D92 /* Assets.xcassets */,
				9170C4EF23377C8B009F7D92 /* LaunchScreen.storyboard */,
				9170C4F223377C8B009F7D92 /* Info.plist */,
				9170C4F823377C98009F7D92 /* Misc.swift */,
			);
			path = RemoteDecode;
			sourceTree = "<group>";
		};
/* End PBXGroup section */

/* Begin PBXNativeTarget section */
		9170C4E223377C8A009F7D92 /* RemoteDecode */ = {
			isa = PBXNativeTarget;
			buildConfigurationList = 9170C4F523377C8B009F7D92 /* Build configuration list for PBXNativeTarget "RemoteDecode" */;
			buildPhases = (
				9170C4DF23377C8A009F7D92 /* Sources */,
				9170C4E023377C8A009F7D92 /* Frameworks */,
				9170C4E123377C8A009F7D92 /* Resources */,
			);
			buildRules = (
			);
			dependencies = (
			);
			name = RemoteDecode;
			productName = RemoteDecode;
			productReference = 9170C4E323377C8A009F7D92 /* RemoteDecode.app */;
			productType = "com.apple.product-type.application";
		};
/* End PBXNativeTarget section */

/* Begin PBXProject section */
		9170C4DB23377C8A009F7D92 /* Project object */ = {
			isa = PBXProject;
			attributes = {
				LastSwiftUpdateCheck = 1020;
				LastUpgradeCheck = 1020;
				ORGANIZATIONNAME = "Oleksandr Ignatenko";
				TargetAttributes = {
					9170C4E223377C8A009F7D92 = {
						CreatedOnToolsVersion = 10.2.1;
					};
				};
			};
			buildConfigurationList = 9170C4DE23377C8A009F7D92 /* Build configuration list for PBXProject "RemoteDecode" */;
			compatibilityVersion = "Xcode 9.3";
			developmentRegion = en;
			hasScannedForEncodings = 0;
			knownRegions = (
				en,
				Base,
			);
			mainGroup = 9170C4DA23377C8A009F7D92;
			productRefGroup = 9170C4E423377C8A009F7D92 /* Products */;
			projectDirPath = "";
			projectRoot = "";
			targets = (
				9170C4E223377C8A009F7D92 /* RemoteDecode */,
			);
		};
/* End PBXProject section */

/* Begin PBXResourcesBuildPhase section */
		9170C4E123377C8A009F7D92 /* Resources */ = {
			isa = PBXResourcesBuildPhase;
			buildActionMask = 2147483647;
			files = (
				9170C4F123377C8B009F7D92 /* LaunchScreen.storyboard in Resources */,
				9170C4EE23377C8B009F7D92 /* Assets.xcassets in Resources */,
				9170C4EC23377C8A009F7D92 /* Main.storyboard in Resources */,
			);
			runOnlyForDeploymentPostprocessing = 0;
		};
/* End PBXResourcesBuildPhase section */

/* Begin PBXSourcesBuildPhase section */
		9170C4DF23377C8A009F7D92 /* Sources */ = {
			isa = PBXSourcesBuildPhase;
			buildActionMask = 2147483647;
			files = (
				9170C4F923377C98009F7D92 /* Misc.swift in Sources */,
				9170C4E923377C8A009F7D92 /* ViewController.swift in Sources */,
				9170C4E723377C8A009F7D92 /* AppDelegate.swift in Sources */,
			);
			runOnlyForDeploymentPostprocessing = 0;
		};
/* End PBXSourcesBuildPhase section */

/* Begin PBXVariantGroup section */
		9170C4EA23377C8A009F7D92 /* Main.storyboard */ = {
			isa = PBXVariantGroup;
			children = (
				9170C4EB23377C8A009F7D92 /* Base */,
			);
			name = Main.storyboard;
			sourceTree = "<group>";
		};
		9170C4EF23377C8B009F7D92 /* LaunchScreen.storyboard */ = {
			isa = PBXVariantGroup;
			children = (
				9170C4F023377C8B009F7D92 /* Base */,
			);
			name = LaunchScreen.storyboard;
			sourceTree = "<group>";
		};
/* End PBXVariantGroup section */

/* Begin XCBuildConfiguration section */
		9170C4F323377C8B009F7D92 /* Debug */ = {
			isa = XCBuildConfiguration;
			buildSettings = {
				ALWAYS_SEARCH_USER_PATHS = NO;
				CLANG_ANALYZER_NONNULL = YES;
				CLANG_ANALYZER_NUMBER_OBJECT_CONVERSION = YES_AGGRESSIVE;
				CLANG_CXX_LANGUAGE_STANDARD = "gnu++14";
				CLANG_CXX_LIBRARY = "libc++";
				CLANG_ENABLE_MODULES = YES;
				CLANG_ENABLE_OBJC_ARC = YES;
				CLANG_ENABLE_OBJC_WEAK = YES;
				CLANG_WARN_BLOCK_CAPTURE_AUTORELEASING = YES;
				CLANG_WARN_BOOL_CONVERSION = YES;
				CLANG_WARN_COMMA = YES;
				CLANG_WARN_CONSTANT_CONVERSION = YES;
				CLANG_WARN_DEPRECATED_OBJC_IMPLEMENTATIONS = YES;
				CLANG_WARN_DIRECT_OBJC_ISA_USAGE = YES_ERROR;
				CLANG_WARN_DOCUMENTATION_COMMENTS = YES;
				CLANG_WARN_EMPTY_BODY = YES;
				CLANG_WARN_ENUM_CONVERSION = YES;
				CLANG_WARN_INFINITE_RECURSION = YES;
				CLANG_WARN_INT_CONVERSION = YES;
				CLANG_WARN_NON_LITERAL_NULL_CONVERSION = YES;
				CLANG_WARN_OBJC_IMPLICIT_RETAIN_SELF = YES;
				CLANG_WARN_OBJC_LITERAL_CONVERSION = YES;
				CLANG_WARN_OBJC_ROOT_CLASS = YES_ERROR;
				CLANG_WARN_RANGE_LOOP_ANALYSIS = YES;
				CLANG_WARN_STRICT_PROTOTYPES = YES;
				CLANG_WARN_SUSPICIOUS_MOVE = YES;
				CLANG_WARN_UNGUARDED_AVAILABILITY = YES_AGGRESSIVE;
				CLANG_WARN_UNREACHABLE_CODE = YES;
				CLANG_WARN__DUPLICATE_METHOD_MATCH = YES;
				CODE_SIGN_IDENTITY = "iPhone Developer";
				COPY_PHASE_STRIP = NO;
				DEBUG_INFORMATION_FORMAT = dwarf;
				ENABLE_STRICT_OBJC_MSGSEND = YES;
				ENABLE_TESTABILITY = YES;
				GCC_C_LANGUAGE_STANDARD = gnu11;
				GCC_DYNAMIC_NO_PIC = NO;
				GCC_NO_COMMON_BLOCKS = YES;
				GCC_OPTIMIZATION_LEVEL = 0;
				GCC_PREPROCESSOR_DEFINITIONS = (
					"DEBUG=1",
					"$(inherited)",
				);
				GCC_WARN_64_TO_32_BIT_CONVERSION = YES;
				GCC_WARN_ABOUT_RETURN_TYPE = YES_ERROR;
				GCC_WARN_UNDECLARED_SELECTOR = YES;
				GCC_WARN_UNINITIALIZED_AUTOS = YES_AGGRESSIVE;
				GCC_WARN_UNUSED_FUNCTION = YES;
				GCC_WARN_UNUSED_VARIABLE = YES;
				IPHONEOS_DEPLOYMENT_TARGET = 12.2;
				MTL_ENABLE_DEBUG_INFO = INCLUDE_SOURCE;
				MTL_FAST_MATH = YES;
				ONLY_ACTIVE_ARCH = YES;
				SDKROOT = iphoneos;
				SWIFT_ACTIVE_COMPILATION_CONDITIONS = DEBUG;
				SWIFT_OPTIMIZATION_LEVEL = "-Onone";
			};
			name = Debug;
		};
		9170C4F423377C8B009F7D92 /* Release */ = {
			isa = XCBuildConfiguration;
			buildSettings = {
				ALWAYS_SEARCH_USER_PATHS = NO;
				CLANG_ANALYZER_NONNULL = YES;
				CLANG_ANALYZER_NUMBER_OBJECT_CONVERSION = YES_AGGRESSIVE;
				CLANG_CXX_LANGUAGE_STANDARD = "gnu++14";
				CLANG_CXX_LIBRARY = "libc++";
				CLANG_ENABLE_MODULES = YES;
				CLANG_ENABLE_OBJC_ARC = YES;
				CLANG_ENABLE_OBJC_WEAK = YES;
				CLANG_WARN_BLOCK_CAPTURE_AUTORELEASING = YES;
				CLANG_WARN_BOOL_CONVERSION = YES;
				CLANG_WARN_COMMA = YES;
				CLANG_WARN_CONSTANT_CONVERSION = YES;
				CLANG_WARN_DEPRECATED_OBJC_IMPLEMENTATIONS = YES;
				CLANG_WARN_DIRECT_OBJC_ISA_USAGE = YES_ERROR;
				CLANG_WARN_DOCUMENTATION_COMMENTS = YES;
				CLANG_WARN_EMPTY_BODY = YES;
				CLANG_WARN_ENUM_CONVERSION = YES;
				CLANG_WARN_INFINITE_RECURSION = YES;
				CLANG_WARN_INT_CONVERSION = YES;
				CLANG_WARN_NON_LITERAL_NULL_CONVERSION = YES;
				CLANG_WARN_OBJC_IMPLICIT_RETAIN_SELF = YES;
				CLANG_WARN_OBJC_LITERAL_CONVERSION = YES;
				CLANG_WARN_OBJC_ROOT_CLASS = YES_ERROR;
				CLANG_WARN_RANGE_LOOP_ANALYSIS = YES;
				CLANG_WARN_STRICT_PROTOTYPES = YES;
				CLANG_WARN_SUSPICIOUS_MOVE = YES;
				CLANG_WARN_UNGUARDED_AVAILABILITY = YES_AGGRESSIVE;
				CLANG_WARN_UNREACHABLE_CODE = YES;
				CLANG_WARN__DUPLICATE_METHOD_MATCH = YES;
				CODE_SIGN_IDENTITY = "iPhone Developer";
				COPY_PHASE_STRIP = NO;
				DEBUG_INFORMATION_FORMAT = "dwarf-with-dsym";
				ENABLE_NS_ASSERTIONS = NO;
				ENABLE_STRICT_OBJC_MSGSEND = YES;
				GCC_C_LANGUAGE_STANDARD = gnu11;
				GCC_NO_COMMON_BLOCKS = YES;
				GCC_WARN_64_TO_32_BIT_CONVERSION = YES;
				GCC_WARN_ABOUT_RETURN_TYPE = YES_ERROR;
				GCC_WARN_UNDECLARED_SELECTOR = YES;
				GCC_WARN_UNINITIALIZED_AUTOS = YES_AGGRESSIVE;
				GCC_WARN_UNUSED_FUNCTION = YES;
				GCC_WARN_UNUSED_VARIABLE = YES;
				IPHONEOS_DEPLOYMENT_TARGET = 12.2;
				MTL_ENABLE_DEBUG_INFO = NO;
				MTL_FAST_MATH = YES;
				SDKROOT = iphoneos;
				SWIFT_COMPILATION_MODE = wholemodule;
				SWIFT_OPTIMIZATION_LEVEL = "-O";
				VALIDATE_PRODUCT = YES;
			};
			name = Release;
		};
		9170C4F623377C8B009F7D92 /* Debug */ = {
			isa = XCBuildConfiguration;
			buildSettings = {
				ASSETCATALOG_COMPILER_APPICON_NAME = AppIcon;
				CODE_SIGN_STYLE = Automatic;
				DEVELOPMENT_TEAM = 54L9R65MK8;
				INFOPLIST_FILE = RemoteDecode/Info.plist;
				LD_RUNPATH_SEARCH_PATHS = (
					"$(inherited)",
					"@executable_path/Frameworks",
				);
				PRODUCT_BUNDLE_IDENTIFIER = com.example.RemoteDecode;
				PRODUCT_NAME = "$(TARGET_NAME)";
				SWIFT_VERSION = 5.0;
				TARGETED_DEVICE_FAMILY = "1,2";
			};
			name = Debug;
		};
		9170C4F723377C8B009F7D92 /* Release */ = {
			isa = XCBuildConfiguration;
			buildSettings = {
				ASSETCATALOG_COMPILER_APPICON_NAME = AppIcon;
				CODE_SIGN_STYLE = Automatic;
				DEVELOPMENT_TEAM = 54L9R65MK8;
				INFOPLIST_FILE = RemoteDecode/Info.plist;
				LD_RUNPATH_SEARCH_PATHS = (
					"$(inherited)",
					"@executable_path/Frameworks",
				);
				PRODUCT_BUNDLE_IDENTIFIER = com.example.RemoteDecode;
				PRODUCT_NAME = "$(TARGET_NAME)";
				SWIFT_VERSION = 5.0;
				TARGETED_DEVICE_FAMILY = "1,2";
			};
			name = Release;
		};
/* End XCBuildConfiguration section */

/* Begin XCConfigurationList section */
		9170C4DE23377C8A009F7D92 /* Build configuration list for PBXProject "RemoteDecode" */ = {
			isa = XCConfigurationList;
			buildConfigurations = (
				9170C4F323377C8B009F7D92 /* Debug */,
				9170C4F423377C8B009F7D92 /* Release */,
			);
			defaultConfigurationIsVisible = 0;
			defaultConfigurationName = Release;
		};
		9170C4F523377C8B009F7D92 /* Build configuration list for PBXNativeTarget "RemoteDecode" */ = {
			isa = XCConfigurationList;
			buildConfigurations = (
				9170C4F623377C8B009F7D92 /* Debug */,
				9170C4F723377C8B009F7D92 /* Release */,
			);
			defaultConfigurationIsVisible = 0;
			defaultConfigurationName = Release;
		};
/* End XCConfigurationList section */
	};
	rootObject = 9170C4DB23377C8A009F7D92 /* Project object */;
}
