// !$*UTF8*$!
{
	archiveVersion = 1;
	classes = {
	};
	objectVersion = 48;
	objects = {

/* Begin PBXBuildFile section */
		91488B65201A858F00EB7B16 /* AppDelegate.swift in Sources */ = {isa = PBXBuildFile; fileRef = 91488B64201A858F00EB7B16 /* AppDelegate.swift */; };
		91488B67201A858F00EB7B16 /* ViewController.swift in Sources */ = {isa = PBXBuildFile; fileRef = 91488B66201A858F00EB7B16 /* ViewController.swift */; };
		91488B6A201A858F00EB7B16 /* Main.storyboard in Resources */ = {isa = PBXBuildFile; fileRef = 91488B68201A858F00EB7B16 /* Main.storyboard */; };
		91488B6C201A858F00EB7B16 /* Assets.xcassets in Resources */ = {isa = PBXBuildFile; fileRef = 91488B6B201A858F00EB7B16 /* Assets.xcassets */; };
		91488B6F201A858F00EB7B16 /* LaunchScreen.storyboard in Resources */ = {isa = PBXBuildFile; fileRef = 91488B6D201A858F00EB7B16 /* LaunchScreen.storyboard */; };
		91488B7F201A860D00EB7B16 /* Style.h in Headers */ = {isa = PBXBuildFile; fileRef = 91488B7D201A860D00EB7B16 /* Style.h */; settings = {ATTRIBUTES = (Public, ); }; };
		91488B82201A860D00EB7B16 /* Style.framework in Frameworks */ = {isa = PBXBuildFile; fileRef = 91488B7B201A860C00EB7B16 /* Style.framework */; };
		91488B83201A860D00EB7B16 /* Style.framework in Embed Frameworks */ = {isa = PBXBuildFile; fileRef = 91488B7B201A860C00EB7B16 /* Style.framework */; settings = {ATTRIBUTES = (CodeSignOnCopy, RemoveHeadersOnCopy, ); }; };
		91488B89201A861B00EB7B16 /* Style.swift in Sources */ = {isa = PBXBuildFile; fileRef = 91488B88201A861B00EB7B16 /* Style.swift */; };
		91488B8B201A868400EB7B16 /* Accept.swift in Sources */ = {isa = PBXBuildFile; fileRef = 91488B8A201A868400EB7B16 /* Accept.swift */; };
		91628D78202E2D58004BC019 /* UsageViewController.swift in Sources */ = {isa = PBXBuildFile; fileRef = 91628D77202E2D58004BC019 /* UsageViewController.swift */; };
		91628D7A2030D289004BC019 /* RedViewController.swift in Sources */ = {isa = PBXBuildFile; fileRef = 91628D792030D289004BC019 /* RedViewController.swift */; };
/* End PBXBuildFile section */

/* Begin PBXContainerItemProxy section */
		91488B80201A860D00EB7B16 /* PBXContainerItemProxy */ = {
			isa = PBXContainerItemProxy;
			containerPortal = 91488B59201A858F00EB7B16 /* Project object */;
			proxyType = 1;
			remoteGlobalIDString = 91488B7A201A860C00EB7B16;
			remoteInfo = Style;
		};
/* End PBXContainerItemProxy section */

/* Begin PBXCopyFilesBuildPhase section */
		91488B87201A860D00EB7B16 /* Embed Frameworks */ = {
			isa = PBXCopyFilesBuildPhase;
			buildActionMask = 2147483647;
			dstPath = "";
			dstSubfolderSpec = 10;
			files = (
				91488B83201A860D00EB7B16 /* Style.framework in Embed Frameworks */,
			);
			name = "Embed Frameworks";
			runOnlyForDeploymentPostprocessing = 0;
		};
/* End PBXCopyFilesBuildPhase section */

/* Begin PBXFileReference section */
		91488B61201A858F00EB7B16 /* Trya.app */ = {isa = PBXFileReference; explicitFileType = wrapper.application; includeInIndex = 0; path = Trya.app; sourceTree = BUILT_PRODUCTS_DIR; };
		91488B64201A858F00EB7B16 /* AppDelegate.swift */ = {isa = PBXFileReference; lastKnownFileType = sourcecode.swift; path = AppDelegate.swift; sourceTree = "<group>"; };
		91488B66201A858F00EB7B16 /* ViewController.swift */ = {isa = PBXFileReference; lastKnownFileType = sourcecode.swift; path = ViewController.swift; sourceTree = "<group>"; };
		91488B69201A858F00EB7B16 /* Base */ = {isa = PBXFileReference; lastKnownFileType = file.storyboard; name = Base; path = Base.lproj/Main.storyboard; sourceTree = "<group>"; };
		91488B6B201A858F00EB7B16 /* Assets.xcassets */ = {isa = PBXFileReference; lastKnownFileType = folder.assetcatalog; path = Assets.xcassets; sourceTree = "<group>"; };
		91488B6E201A858F00EB7B16 /* Base */ = {isa = PBXFileReference; lastKnownFileType = file.storyboard; name = Base; path = Base.lproj/LaunchScreen.storyboard; sourceTree = "<group>"; };
		91488B70201A858F00EB7B16 /* Info.plist */ = {isa = PBXFileReference; lastKnownFileType = text.plist.xml; path = Info.plist; sourceTree = "<group>"; };
		91488B7B201A860C00EB7B16 /* Style.framework */ = {isa = PBXFileReference; explicitFileType = wrapper.framework; includeInIndex = 0; path = Style.framework; sourceTree = BUILT_PRODUCTS_DIR; };
		91488B7D201A860D00EB7B16 /* Style.h */ = {isa = PBXFileReference; lastKnownFileType = sourcecode.c.h; path = Style.h; sourceTree = "<group>"; };
		91488B7E201A860D00EB7B16 /* Info.plist */ = {isa = PBXFileReference; lastKnownFileType = text.plist.xml; path = Info.plist; sourceTree = "<group>"; };
		91488B88201A861B00EB7B16 /* Style.swift */ = {isa = PBXFileReference; lastKnownFileType = sourcecode.swift; path = Style.swift; sourceTree = "<group>"; };
		91488B8A201A868400EB7B16 /* Accept.swift */ = {isa = PBXFileReference; lastKnownFileType = sourcecode.swift; path = Accept.swift; sourceTree = "<group>"; };
		91628D77202E2D58004BC019 /* UsageViewController.swift */ = {isa = PBXFileReference; lastKnownFileType = sourcecode.swift; path = UsageViewController.swift; sourceTree = "<group>"; };
		91628D792030D289004BC019 /* RedViewController.swift */ = {isa = PBXFileReference; lastKnownFileType = sourcecode.swift; path = RedViewController.swift; sourceTree = "<group>"; };
/* End PBXFileReference section */

/* Begin PBXFrameworksBuildPhase section */
		91488B5E201A858F00EB7B16 /* Frameworks */ = {
			isa = PBXFrameworksBuildPhase;
			buildActionMask = 2147483647;
			files = (
				91488B82201A860D00EB7B16 /* Style.framework in Frameworks */,
			);
			runOnlyForDeploymentPostprocessing = 0;
		};
		91488B77201A860C00EB7B16 /* Frameworks */ = {
			isa = PBXFrameworksBuildPhase;
			buildActionMask = 2147483647;
			files = (
			);
			runOnlyForDeploymentPostprocessing = 0;
		};
/* End PBXFrameworksBuildPhase section */

/* Begin PBXGroup section */
		91488B58201A858F00EB7B16 = {
			isa = PBXGroup;
			children = (
				91488B63201A858F00EB7B16 /* Trya */,
				91488B7C201A860D00EB7B16 /* Style */,
				91488B62201A858F00EB7B16 /* Products */,
			);
			sourceTree = "<group>";
		};
		91488B62201A858F00EB7B16 /* Products */ = {
			isa = PBXGroup;
			children = (
				91488B61201A858F00EB7B16 /* Trya.app */,
				91488B7B201A860C00EB7B16 /* Style.framework */,
			);
			name = Products;
			sourceTree = "<group>";
		};
		91488B63201A858F00EB7B16 /* Trya */ = {
			isa = PBXGroup;
			children = (
				91488B64201A858F00EB7B16 /* AppDelegate.swift */,
				91488B66201A858F00EB7B16 /* ViewController.swift */,
				91488B68201A858F00EB7B16 /* Main.storyboard */,
				91488B6B201A858F00EB7B16 /* Assets.xcassets */,
				91488B6D201A858F00EB7B16 /* LaunchScreen.storyboard */,
				91488B70201A858F00EB7B16 /* Info.plist */,
				91488B8A201A868400EB7B16 /* Accept.swift */,
				91628D77202E2D58004BC019 /* UsageViewController.swift */,
				91628D792030D289004BC019 /* RedViewController.swift */,
			);
			path = Trya;
			sourceTree = "<group>";
		};
		91488B7C201A860D00EB7B16 /* Style */ = {
			isa = PBXGroup;
			children = (
				91488B7D201A860D00EB7B16 /* Style.h */,
				91488B7E201A860D00EB7B16 /* Info.plist */,
				91488B88201A861B00EB7B16 /* Style.swift */,
			);
			path = Style;
			sourceTree = "<group>";
		};
/* End PBXGroup section */

/* Begin PBXHeadersBuildPhase section */
		91488B78201A860C00EB7B16 /* Headers */ = {
			isa = PBXHeadersBuildPhase;
			buildActionMask = 2147483647;
			files = (
				91488B7F201A860D00EB7B16 /* Style.h in Headers */,
			);
			runOnlyForDeploymentPostprocessing = 0;
		};
/* End PBXHeadersBuildPhase section */

/* Begin PBXNativeTarget section */
		91488B60201A858F00EB7B16 /* Trya */ = {
			isa = PBXNativeTarget;
			buildConfigurationList = 91488B73201A858F00EB7B16 /* Build configuration list for PBXNativeTarget "Trya" */;
			buildPhases = (
				91488B5D201A858F00EB7B16 /* Sources */,
				91488B5E201A858F00EB7B16 /* Frameworks */,
				91488B5F201A858F00EB7B16 /* Resources */,
				91488B87201A860D00EB7B16 /* Embed Frameworks */,
			);
			buildRules = (
			);
			dependencies = (
				91488B81201A860D00EB7B16 /* PBXTargetDependency */,
			);
			name = Trya;
			productName = Trya;
			productReference = 91488B61201A858F00EB7B16 /* Trya.app */;
			productType = "com.apple.product-type.application";
		};
		91488B7A201A860C00EB7B16 /* Style */ = {
			isa = PBXNativeTarget;
			buildConfigurationList = 91488B84201A860D00EB7B16 /* Build configuration list for PBXNativeTarget "Style" */;
			buildPhases = (
				91488B76201A860C00EB7B16 /* Sources */,
				91488B77201A860C00EB7B16 /* Frameworks */,
				91488B78201A860C00EB7B16 /* Headers */,
				91488B79201A860C00EB7B16 /* Resources */,
			);
			buildRules = (
			);
			dependencies = (
			);
			name = Style;
			productName = Style;
			productReference = 91488B7B201A860C00EB7B16 /* Style.framework */;
			productType = "com.apple.product-type.framework";
		};
/* End PBXNativeTarget section */

/* Begin PBXProject section */
		91488B59201A858F00EB7B16 /* Project object */ = {
			isa = PBXProject;
			attributes = {
				LastSwiftUpdateCheck = 0910;
				LastUpgradeCheck = 0910;
				ORGANIZATIONNAME = "Oleksandr Ignatenko";
				TargetAttributes = {
					91488B60201A858F00EB7B16 = {
						CreatedOnToolsVersion = 9.1;
						ProvisioningStyle = Automatic;
					};
					91488B7A201A860C00EB7B16 = {
						CreatedOnToolsVersion = 9.1;
						LastSwiftMigration = 0910;
						ProvisioningStyle = Automatic;
					};
				};
			};
			buildConfigurationList = 91488B5C201A858F00EB7B16 /* Build configuration list for PBXProject "Trya" */;
			compatibilityVersion = "Xcode 8.0";
			developmentRegion = en;
			hasScannedForEncodings = 0;
			knownRegions = (
				en,
				Base,
			);
			mainGroup = 91488B58201A858F00EB7B16;
			productRefGroup = 91488B62201A858F00EB7B16 /* Products */;
			projectDirPath = "";
			projectRoot = "";
			targets = (
				91488B60201A858F00EB7B16 /* Trya */,
				91488B7A201A860C00EB7B16 /* Style */,
			);
		};
/* End PBXProject section */

/* Begin PBXResourcesBuildPhase section */
		91488B5F201A858F00EB7B16 /* Resources */ = {
			isa = PBXResourcesBuildPhase;
			buildActionMask = 2147483647;
			files = (
				91488B6F201A858F00EB7B16 /* LaunchScreen.storyboard in Resources */,
				91488B6C201A858F00EB7B16 /* Assets.xcassets in Resources */,
				91488B6A201A858F00EB7B16 /* Main.storyboard in Resources */,
			);
			runOnlyForDeploymentPostprocessing = 0;
		};
		91488B79201A860C00EB7B16 /* Resources */ = {
			isa = PBXResourcesBuildPhase;
			buildActionMask = 2147483647;
			files = (
			);
			runOnlyForDeploymentPostprocessing = 0;
		};
/* End PBXResourcesBuildPhase section */

/* Begin PBXSourcesBuildPhase section */
		91488B5D201A858F00EB7B16 /* Sources */ = {
			isa = PBXSourcesBuildPhase;
			buildActionMask = 2147483647;
			files = (
				91628D7A2030D289004BC019 /* RedViewController.swift in Sources */,
				91488B67201A858F00EB7B16 /* ViewController.swift in Sources */,
				91488B8B201A868400EB7B16 /* Accept.swift in Sources */,
				91628D78202E2D58004BC019 /* UsageViewController.swift in Sources */,
				91488B65201A858F00EB7B16 /* AppDelegate.swift in Sources */,
			);
			runOnlyForDeploymentPostprocessing = 0;
		};
		91488B76201A860C00EB7B16 /* Sources */ = {
			isa = PBXSourcesBuildPhase;
			buildActionMask = 2147483647;
			files = (
				91488B89201A861B00EB7B16 /* Style.swift in Sources */,
			);
			runOnlyForDeploymentPostprocessing = 0;
		};
/* End PBXSourcesBuildPhase section */

/* Begin PBXTargetDependency section */
		91488B81201A860D00EB7B16 /* PBXTargetDependency */ = {
			isa = PBXTargetDependency;
			target = 91488B7A201A860C00EB7B16 /* Style */;
			targetProxy = 91488B80201A860D00EB7B16 /* PBXContainerItemProxy */;
		};
/* End PBXTargetDependency section */

/* Begin PBXVariantGroup section */
		91488B68201A858F00EB7B16 /* Main.storyboard */ = {
			isa = PBXVariantGroup;
			children = (
				91488B69201A858F00EB7B16 /* Base */,
			);
			name = Main.storyboard;
			sourceTree = "<group>";
		};
		91488B6D201A858F00EB7B16 /* LaunchScreen.storyboard */ = {
			isa = PBXVariantGroup;
			children = (
				91488B6E201A858F00EB7B16 /* Base */,
			);
			name = LaunchScreen.storyboard;
			sourceTree = "<group>";
		};
/* End PBXVariantGroup section */

/* Begin XCBuildConfiguration section */
		91488B71201A858F00EB7B16 /* Debug */ = {
			isa = XCBuildConfiguration;
			buildSettings = {
				ALWAYS_SEARCH_USER_PATHS = NO;
				CLANG_ANALYZER_NONNULL = YES;
				CLANG_ANALYZER_NUMBER_OBJECT_CONVERSION = YES_AGGRESSIVE;
				CLANG_CXX_LANGUAGE_STANDARD = "gnu++14";
				CLANG_CXX_LIBRARY = "libc++";
				CLANG_ENABLE_MODULES = YES;
				CLANG_ENABLE_OBJC_ARC = YES;
				CLANG_WARN_BLOCK_CAPTURE_AUTORELEASING = YES;
				CLANG_WARN_BOOL_CONVERSION = YES;
				CLANG_WARN_COMMA = YES;
				CLANG_WARN_CONSTANT_CONVERSION = YES;
				CLANG_WARN_DIRECT_OBJC_ISA_USAGE = YES_ERROR;
				CLANG_WARN_DOCUMENTATION_COMMENTS = YES;
				CLANG_WARN_EMPTY_BODY = YES;
				CLANG_WARN_ENUM_CONVERSION = YES;
				CLANG_WARN_INFINITE_RECURSION = YES;
				CLANG_WARN_INT_CONVERSION = YES;
				CLANG_WARN_NON_LITERAL_NULL_CONVERSION = YES;
				CLANG_WARN_OBJC_LITERAL_CONVERSION = YES;
				CLANG_WARN_OBJC_ROOT_CLASS = YES_ERROR;
				CLANG_WARN_RANGE_LOOP_ANALYSIS = YES;
				CLANG_WARN_STRICT_PROTOTYPES = YES;
				CLANG_WARN_SUSPICIOUS_MOVE = YES;
				CLANG_WARN_UNGUARDED_AVAILABILITY = YES_AGGRESSIVE;
				CLANG_WARN_UNREACHABLE_CODE = YES;
				CLANG_WARN__DUPLICATE_METHOD_MATCH = YES;
				CODE_SIGN_IDENTITY = "iPhone Developer";
				COPY_PHASE_STRIP = NO;
				DEBUG_INFORMATION_FORMAT = dwarf;
				ENABLE_STRICT_OBJC_MSGSEND = YES;
				ENABLE_TESTABILITY = YES;
				GCC_C_LANGUAGE_STANDARD = gnu11;
				GCC_DYNAMIC_NO_PIC = NO;
				GCC_NO_COMMON_BLOCKS = YES;
				GCC_OPTIMIZATION_LEVEL = 0;
				GCC_PREPROCESSOR_DEFINITIONS = (
					"DEBUG=1",
					"$(inherited)",
				);
				GCC_WARN_64_TO_32_BIT_CONVERSION = YES;
				GCC_WARN_ABOUT_RETURN_TYPE = YES_ERROR;
				GCC_WARN_UNDECLARED_SELECTOR = YES;
				GCC_WARN_UNINITIALIZED_AUTOS = YES_AGGRESSIVE;
				GCC_WARN_UNUSED_FUNCTION = YES;
				GCC_WARN_UNUSED_VARIABLE = YES;
				IPHONEOS_DEPLOYMENT_TARGET = 11.1;
				MTL_ENABLE_DEBUG_INFO = YES;
				ONLY_ACTIVE_ARCH = YES;
				SDKROOT = iphoneos;
				SWIFT_ACTIVE_COMPILATION_CONDITIONS = DEBUG;
				SWIFT_OPTIMIZATION_LEVEL = "-Onone";
			};
			name = Debug;
		};
		91488B72201A858F00EB7B16 /* Release */ = {
			isa = XCBuildConfiguration;
			buildSettings = {
				ALWAYS_SEARCH_USER_PATHS = NO;
				CLANG_ANALYZER_NONNULL = YES;
				CLANG_ANALYZER_NUMBER_OBJECT_CONVERSION = YES_AGGRESSIVE;
				CLANG_CXX_LANGUAGE_STANDARD = "gnu++14";
				CLANG_CXX_LIBRARY = "libc++";
				CLANG_ENABLE_MODULES = YES;
				CLANG_ENABLE_OBJC_ARC = YES;
				CLANG_WARN_BLOCK_CAPTURE_AUTORELEASING = YES;
				CLANG_WARN_BOOL_CONVERSION = YES;
				CLANG_WARN_COMMA = YES;
				CLANG_WARN_CONSTANT_CONVERSION = YES;
				CLANG_WARN_DIRECT_OBJC_ISA_USAGE = YES_ERROR;
				CLANG_WARN_DOCUMENTATION_COMMENTS = YES;
				CLANG_WARN_EMPTY_BODY = YES;
				CLANG_WARN_ENUM_CONVERSION = YES;
				CLANG_WARN_INFINITE_RECURSION = YES;
				CLANG_WARN_INT_CONVERSION = YES;
				CLANG_WARN_NON_LITERAL_NULL_CONVERSION = YES;
				CLANG_WARN_OBJC_LITERAL_CONVERSION = YES;
				CLANG_WARN_OBJC_ROOT_CLASS = YES_ERROR;
				CLANG_WARN_RANGE_LOOP_ANALYSIS = YES;
				CLANG_WARN_STRICT_PROTOTYPES = YES;
				CLANG_WARN_SUSPICIOUS_MOVE = YES;
				CLANG_WARN_UNGUARDED_AVAILABILITY = YES_AGGRESSIVE;
				CLANG_WARN_UNREACHABLE_CODE = YES;
				CLANG_WARN__DUPLICATE_METHOD_MATCH = YES;
				CODE_SIGN_IDENTITY = "iPhone Developer";
				COPY_PHASE_STRIP = NO;
				DEBUG_INFORMATION_FORMAT = "dwarf-with-dsym";
				ENABLE_NS_ASSERTIONS = NO;
				ENABLE_STRICT_OBJC_MSGSEND = YES;
				GCC_C_LANGUAGE_STANDARD = gnu11;
				GCC_NO_COMMON_BLOCKS = YES;
				GCC_WARN_64_TO_32_BIT_CONVERSION = YES;
				GCC_WARN_ABOUT_RETURN_TYPE = YES_ERROR;
				GCC_WARN_UNDECLARED_SELECTOR = YES;
				GCC_WARN_UNINITIALIZED_AUTOS = YES_AGGRESSIVE;
				GCC_WARN_UNUSED_FUNCTION = YES;
				GCC_WARN_UNUSED_VARIABLE = YES;
				IPHONEOS_DEPLOYMENT_TARGET = 11.1;
				MTL_ENABLE_DEBUG_INFO = NO;
				SDKROOT = iphoneos;
				SWIFT_OPTIMIZATION_LEVEL = "-Owholemodule";
				VALIDATE_PRODUCT = YES;
			};
			name = Release;
		};
		91488B74201A858F00EB7B16 /* Debug */ = {
			isa = XCBuildConfiguration;
			buildSettings = {
				ALWAYS_EMBED_SWIFT_STANDARD_LIBRARIES = YES;
				ASSETCATALOG_COMPILER_APPICON_NAME = AppIcon;
				CODE_SIGN_STYLE = Automatic;
				DEVELOPMENT_TEAM = 54L9R65MK8;
				INFOPLIST_FILE = Trya/Info.plist;
				LD_RUNPATH_SEARCH_PATHS = "$(inherited) @executable_path/Frameworks";
				PRODUCT_BUNDLE_IDENTIFIER = com.example.Trya;
				PRODUCT_NAME = "$(TARGET_NAME)";
				SWIFT_VERSION = 4.0;
				TARGETED_DEVICE_FAMILY = "1,2";
			};
			name = Debug;
		};
		91488B75201A858F00EB7B16 /* Release */ = {
			isa = XCBuildConfiguration;
			buildSettings = {
				ALWAYS_EMBED_SWIFT_STANDARD_LIBRARIES = YES;
				ASSETCATALOG_COMPILER_APPICON_NAME = AppIcon;
				CODE_SIGN_STYLE = Automatic;
				DEVELOPMENT_TEAM = 54L9R65MK8;
				INFOPLIST_FILE = Trya/Info.plist;
				LD_RUNPATH_SEARCH_PATHS = "$(inherited) @executable_path/Frameworks";
				PRODUCT_BUNDLE_IDENTIFIER = com.example.Trya;
				PRODUCT_NAME = "$(TARGET_NAME)";
				SWIFT_VERSION = 4.0;
				TARGETED_DEVICE_FAMILY = "1,2";
			};
			name = Release;
		};
		91488B85201A860D00EB7B16 /* Debug */ = {
			isa = XCBuildConfiguration;
			buildSettings = {
				CLANG_ENABLE_MODULES = YES;
				CODE_SIGN_IDENTITY = "";
				CODE_SIGN_STYLE = Automatic;
				CURRENT_PROJECT_VERSION = 1;
				DEFINES_MODULE = YES;
				DEVELOPMENT_TEAM = 54L9R65MK8;
				DYLIB_COMPATIBILITY_VERSION = 1;
				DYLIB_CURRENT_VERSION = 1;
				DYLIB_INSTALL_NAME_BASE = "@rpath";
				INFOPLIST_FILE = Style/Info.plist;
				INSTALL_PATH = "$(LOCAL_LIBRARY_DIR)/Frameworks";
				LD_RUNPATH_SEARCH_PATHS = "$(inherited) @executable_path/Frameworks @loader_path/Frameworks";
				PRODUCT_BUNDLE_IDENTIFIER = com.example.Style;
				PRODUCT_NAME = "$(TARGET_NAME:c99extidentifier)";
				SKIP_INSTALL = YES;
				SWIFT_OPTIMIZATION_LEVEL = "-Onone";
				SWIFT_VERSION = 4.0;
				TARGETED_DEVICE_FAMILY = "1,2";
				VERSIONING_SYSTEM = "apple-generic";
				VERSION_INFO_PREFIX = "";
			};
			name = Debug;
		};
		91488B86201A860D00EB7B16 /* Release */ = {
			isa = XCBuildConfiguration;
			buildSettings = {
				CLANG_ENABLE_MODULES = YES;
				CODE_SIGN_IDENTITY = "";
				CODE_SIGN_STYLE = Automatic;
				CURRENT_PROJECT_VERSION = 1;
				DEFINES_MODULE = YES;
				DEVELOPMENT_TEAM = 54L9R65MK8;
				DYLIB_COMPATIBILITY_VERSION = 1;
				DYLIB_CURRENT_VERSION = 1;
				DYLIB_INSTALL_NAME_BASE = "@rpath";
				INFOPLIST_FILE = Style/Info.plist;
				INSTALL_PATH = "$(LOCAL_LIBRARY_DIR)/Frameworks";
				LD_RUNPATH_SEARCH_PATHS = "$(inherited) @executable_path/Frameworks @loader_path/Frameworks";
				PRODUCT_BUNDLE_IDENTIFIER = com.example.Style;
				PRODUCT_NAME = "$(TARGET_NAME:c99extidentifier)";
				SKIP_INSTALL = YES;
				SWIFT_VERSION = 4.0;
				TARGETED_DEVICE_FAMILY = "1,2";
				VERSIONING_SYSTEM = "apple-generic";
				VERSION_INFO_PREFIX = "";
			};
			name = Release;
		};
/* End XCBuildConfiguration section */

/* Begin XCConfigurationList section */
		91488B5C201A858F00EB7B16 /* Build configuration list for PBXProject "Trya" */ = {
			isa = XCConfigurationList;
			buildConfigurations = (
				91488B71201A858F00EB7B16 /* Debug */,
				91488B72201A858F00EB7B16 /* Release */,
			);
			defaultConfigurationIsVisible = 0;
			defaultConfigurationName = Release;
		};
		91488B73201A858F00EB7B16 /* Build configuration list for PBXNativeTarget "Trya" */ = {
			isa = XCConfigurationList;
			buildConfigurations = (
				91488B74201A858F00EB7B16 /* Debug */,
				91488B75201A858F00EB7B16 /* Release */,
			);
			defaultConfigurationIsVisible = 0;
			defaultConfigurationName = Release;
		};
		91488B84201A860D00EB7B16 /* Build configuration list for PBXNativeTarget "Style" */ = {
			isa = XCConfigurationList;
			buildConfigurations = (
				91488B85201A860D00EB7B16 /* Debug */,
				91488B86201A860D00EB7B16 /* Release */,
			);
			defaultConfigurationIsVisible = 0;
			defaultConfigurationName = Release;
		};
/* End XCConfigurationList section */
	};
	rootObject = 91488B59201A858F00EB7B16 /* Project object */;
}
